<?xml version="1.0" encoding="utf-8"?>
<Project ToolsVersion="4.0" xmlns="http://schemas.microsoft.com/developer/msbuild/2003">
  <ItemGroup>
    <Filter Include="ソース ファイル">
      <UniqueIdentifier>{4FC737F1-C7A5-4376-A066-2A32D752A2FF}</UniqueIdentifier>
      <Extensions>cpp;c;cc;cxx;c++;cppm;ixx;def;odl;idl;hpj;bat;asm;asmx</Extensions>
    </Filter>
    <Filter Include="ヘッダー ファイル">
      <UniqueIdentifier>{93995380-89BD-4b04-88EB-625FBE52EBFB}</UniqueIdentifier>
      <Extensions>h;hh;hpp;hxx;h++;hm;inl;inc;ipp;xsd</Extensions>
    </Filter>
    <Filter Include="シェーダー ファイル">
      <UniqueIdentifier>{718c7f4c-fc51-40ad-a221-b9456a7a1a3c}</UniqueIdentifier>
    </Filter>
    <Filter Include="ヘッダー ファイル\3d">
      <UniqueIdentifier>{8ccef709-d514-43f7-ad35-629a9edd5057}</UniqueIdentifier>
    </Filter>
    <Filter Include="ヘッダー ファイル\2d">
      <UniqueIdentifier>{96135050-efba-425e-a9fe-8881bd7caad8}</UniqueIdentifier>
    </Filter>
    <Filter Include="ソース ファイル\base">
      <UniqueIdentifier>{551d5cf3-f4a6-49b9-832f-076a33cef817}</UniqueIdentifier>
    </Filter>
    <Filter Include="ヘッダー ファイル\base">
      <UniqueIdentifier>{74394124-7d35-4440-8404-7b478262b455}</UniqueIdentifier>
    </Filter>
    <Filter Include="ソース ファイル\scene">
      <UniqueIdentifier>{e2d0b4b8-24a1-4854-8e5b-bb6ed09f1add}</UniqueIdentifier>
    </Filter>
    <Filter Include="ヘッダー ファイル\input">
      <UniqueIdentifier>{d461f61e-3cc4-4b11-b521-37a61c927ae5}</UniqueIdentifier>
    </Filter>
    <Filter Include="ソース ファイル\math">
      <UniqueIdentifier>{4c21a99e-f783-4367-bdcb-0ebd1d434719}</UniqueIdentifier>
    </Filter>
    <Filter Include="ヘッダー ファイル\math">
      <UniqueIdentifier>{647f4977-924a-4954-923f-5619e5afc9a3}</UniqueIdentifier>
    </Filter>
    <Filter Include="ヘッダー ファイル\collider">
      <UniqueIdentifier>{d7d4bd5c-7185-4214-bbf0-79e164cb485e}</UniqueIdentifier>
    </Filter>
    <Filter Include="ソース ファイル\Fbx">
      <UniqueIdentifier>{cca07928-95fd-4fc4-9bb6-d9dd40aca175}</UniqueIdentifier>
    </Filter>
    <Filter Include="ソース ファイル\stage">
      <UniqueIdentifier>{7deeb340-08ff-4436-8c4d-ffc46db85ead}</UniqueIdentifier>
    </Filter>
    <Filter Include="ヘッダー ファイル\fbx">
      <UniqueIdentifier>{3dec518e-641b-463a-ac59-eaaa321c24b1}</UniqueIdentifier>
    </Filter>
    <Filter Include="ヘッダー ファイル\stage">
      <UniqueIdentifier>{b7bc956a-b474-4fe4-aef2-7eac64df98b2}</UniqueIdentifier>
    </Filter>
    <Filter Include="ヘッダー ファイル\scene">
      <UniqueIdentifier>{8f83101b-6ce3-4c73-a4d3-5052382dedab}</UniqueIdentifier>
    </Filter>
    <Filter Include="ヘッダー ファイル\audio">
      <UniqueIdentifier>{3a0044cc-1b7d-4ed5-a1a6-9074ed1b1769}</UniqueIdentifier>
    </Filter>
    <Filter Include="シェーダー ファイル\Fbx">
      <UniqueIdentifier>{0bfc5b61-1cde-4484-9c2c-5e045ce51bf4}</UniqueIdentifier>
    </Filter>
    <Filter Include="シェーダー ファイル\Obj">
      <UniqueIdentifier>{331b7531-4cff-4343-8578-4a367d210b95}</UniqueIdentifier>
    </Filter>
    <Filter Include="シェーダー ファイル\Primitive">
      <UniqueIdentifier>{575de69a-f403-4c51-b9b3-13c16037a3d9}</UniqueIdentifier>
    </Filter>
    <Filter Include="シェーダー ファイル\Shape">
      <UniqueIdentifier>{5861776f-32a2-4cdf-874b-8d6bf7bf8111}</UniqueIdentifier>
    </Filter>
    <Filter Include="シェーダー ファイル\Sprite">
      <UniqueIdentifier>{f1f13fc8-30d0-4cf1-85b6-aca5f506fd8e}</UniqueIdentifier>
    </Filter>
    <Filter Include="シェーダー ファイル\Terrain">
      <UniqueIdentifier>{1c878f3a-26e7-47c0-b75a-83a153f6c97f}</UniqueIdentifier>
    </Filter>
  </ItemGroup>
  <ItemGroup>
    <ClCompile Include="main.cpp">
      <Filter>ソース ファイル</Filter>
    </ClCompile>
    <ClCompile Include="base\DirectXCommon.cpp">
      <Filter>ソース ファイル\base</Filter>
    </ClCompile>
    <ClCompile Include="base\WinApp.cpp">
      <Filter>ソース ファイル\base</Filter>
    </ClCompile>
    <ClCompile Include="base\TextureManager.cpp">
      <Filter>ソース ファイル\base</Filter>
    </ClCompile>
    <ClCompile Include="scene\GameScene.cpp">
      <Filter>ソース ファイル\scene</Filter>
    </ClCompile>
    <ClCompile Include="math\Vector3.cpp">
      <Filter>ソース ファイル\math</Filter>
    </ClCompile>
    <ClCompile Include="fadeManager\FadeManager.cpp">
      <Filter>ソース ファイル</Filter>
    </ClCompile>
    <ClCompile Include="math\MathUtility.cpp">
      <Filter>ソース ファイル\math</Filter>
    </ClCompile>
    <ClCompile Include="stage\Stage.cpp">
      <Filter>ソース ファイル\stage</Filter>
    </ClCompile>
    <ClCompile Include="collider\CollisionManager.cpp">
      <Filter>ソース ファイル\stage</Filter>
    </ClCompile>
    <ClCompile Include="particleManager\ParticleManager.cpp">
      <Filter>ソース ファイル\stage</Filter>
    </ClCompile>
    <ClCompile Include="stage\Jamp.cpp">
      <Filter>ソース ファイル</Filter>
    </ClCompile>
    <ClCompile Include="stage\block\Block.cpp">
      <Filter>ソース ファイル\stage</Filter>
    </ClCompile>
    <ClCompile Include="stage\block\BlockManager.cpp">
      <Filter>ソース ファイル\stage</Filter>
    </ClCompile>
    <ClCompile Include="stage\enemy\Enemy.cpp">
      <Filter>ソース ファイル\stage</Filter>
    </ClCompile>
    <ClCompile Include="stage\player\Player.cpp">
      <Filter>ソース ファイル\stage</Filter>
    </ClCompile>
    <ClCompile Include="stage\Shake.cpp">
      <Filter>ソース ファイル\stage</Filter>
    </ClCompile>
    <ClCompile Include="stage\player\PlayerBullet.cpp">
      <Filter>ソース ファイル</Filter>
    </ClCompile>
  </ItemGroup>
  <ItemGroup>
    <ClInclude Include="3d\ViewProjection.h">
      <Filter>ヘッダー ファイル\3d</Filter>
    </ClInclude>
    <ClInclude Include="3d\WorldTransform.h">
      <Filter>ヘッダー ファイル\3d</Filter>
    </ClInclude>
    <ClInclude Include="3d\CircleShadow.h">
      <Filter>ヘッダー ファイル\3d</Filter>
    </ClInclude>
    <ClInclude Include="3d\DirectionalLight.h">
      <Filter>ヘッダー ファイル\3d</Filter>
    </ClInclude>
    <ClInclude Include="3d\LightGroup.h">
      <Filter>ヘッダー ファイル\3d</Filter>
    </ClInclude>
    <ClInclude Include="3d\Material.h">
      <Filter>ヘッダー ファイル\3d</Filter>
    </ClInclude>
    <ClInclude Include="3d\Model.h">
      <Filter>ヘッダー ファイル\3d</Filter>
    </ClInclude>
    <ClInclude Include="3d\Mesh.h">
      <Filter>ヘッダー ファイル\3d</Filter>
    </ClInclude>
    <ClInclude Include="3d\PointLight.h">
      <Filter>ヘッダー ファイル\3d</Filter>
    </ClInclude>
    <ClInclude Include="3d\SpotLight.h">
      <Filter>ヘッダー ファイル\3d</Filter>
    </ClInclude>
    <ClInclude Include="2d\DebugText.h">
      <Filter>ヘッダー ファイル\2d</Filter>
    </ClInclude>
    <ClInclude Include="2d\Sprite.h">
      <Filter>ヘッダー ファイル\2d</Filter>
    </ClInclude>
    <ClInclude Include="audio\Audio.h">
      <Filter>ヘッダー ファイル\audio</Filter>
    </ClInclude>
    <ClInclude Include="base\DirectXCommon.h">
      <Filter>ヘッダー ファイル\base</Filter>
    </ClInclude>
    <ClInclude Include="base\SafeDelete.h">
      <Filter>ヘッダー ファイル\base</Filter>
    </ClInclude>
    <ClInclude Include="base\TextureManager.h">
      <Filter>ヘッダー ファイル\base</Filter>
    </ClInclude>
    <ClInclude Include="base\WinApp.h">
      <Filter>ヘッダー ファイル\base</Filter>
    </ClInclude>
    <ClInclude Include="scene\GameScene.h">
      <Filter>ヘッダー ファイル\scene</Filter>
    </ClInclude>
    <ClInclude Include="input\Input.h">
      <Filter>ヘッダー ファイル\input</Filter>
    </ClInclude>
    <ClInclude Include="math\Matrix4.h">
      <Filter>ヘッダー ファイル\math</Filter>
    </ClInclude>
    <ClInclude Include="math\Vector3.h">
      <Filter>ヘッダー ファイル\math</Filter>
    </ClInclude>
    <ClInclude Include="math\MathUtility.h">
      <Filter>ヘッダー ファイル\math</Filter>
    </ClInclude>
    <ClInclude Include="math\Vector2.h">
      <Filter>ヘッダー ファイル\math</Filter>
    </ClInclude>
    <ClInclude Include="math\Vector4.h">
      <Filter>ヘッダー ファイル\math</Filter>
    </ClInclude>
    <ClInclude Include="3d\AxisIndicator.h">
      <Filter>ヘッダー ファイル\3d</Filter>
    </ClInclude>
    <ClInclude Include="3d\PrimitiveDrawer.h">
      <Filter>ヘッダー ファイル\3d</Filter>
    </ClInclude>
    <ClInclude Include="3d\Terrain.h">
      <Filter>ヘッダー ファイル\3d</Filter>
    </ClInclude>
    <ClInclude Include="3d\TerrainCommon.h">
      <Filter>ヘッダー ファイル\3d</Filter>
    </ClInclude>
    <ClInclude Include="collider\Collider.h">
      <Filter>ヘッダー ファイル\collider</Filter>
    </ClInclude>
    <ClInclude Include="collider\CollisionConfig.h">
      <Filter>ヘッダー ファイル\collider</Filter>
    </ClInclude>
    <ClInclude Include="collider\CollisionManager.h">
      <Filter>ヘッダー ファイル\collider</Filter>
    </ClInclude>
    <ClInclude Include="fadeManager\FadeManager.h">
      <Filter>ヘッダー ファイル\collider</Filter>
    </ClInclude>
    <ClInclude Include="stage\Stage.h">
      <Filter>ヘッダー ファイル\stage</Filter>
    </ClInclude>
    <ClInclude Include="scene\scene.h">
      <Filter>ヘッダー ファイル\scene</Filter>
    </ClInclude>
    <ClInclude Include="particleManager\ParticleManager.h">
      <Filter>ヘッダー ファイル\stage</Filter>
    </ClInclude>
    <ClInclude Include="stage\Jamp.h">
      <Filter>ヘッダー ファイル</Filter>
    </ClInclude>
    <ClInclude Include="stage\block\Block.h">
      <Filter>ヘッダー ファイル\stage</Filter>
    </ClInclude>
    <ClInclude Include="stage\block\BlockManager.h">
      <Filter>ヘッダー ファイル\stage</Filter>
    </ClInclude>
    <ClInclude Include="stage\enemy\Enemy.h">
      <Filter>ヘッダー ファイル\stage</Filter>
    </ClInclude>
    <ClInclude Include="stage\player\Player.h">
      <Filter>ヘッダー ファイル\stage</Filter>
    </ClInclude>
    <ClInclude Include="stage\Shake.h">
      <Filter>ヘッダー ファイル\stage</Filter>
    </ClInclude>
    <ClInclude Include="stage\player\PlayerBullet.h">
      <Filter>ヘッダー ファイル</Filter>
    </ClInclude>
  </ItemGroup>
  <ItemGroup>
    <FxCompile Include="Resources\shaders\ObjPS.hlsl">
      <Filter>シェーダー ファイル\Obj</Filter>
    </FxCompile>
    <FxCompile Include="Resources\shaders\ObjVS.hlsl">
      <Filter>シェーダー ファイル\Obj</Filter>
    </FxCompile>
    <FxCompile Include="Resources\shaders\PrimitivePS.hlsl">
      <Filter>シェーダー ファイル\Primitive</Filter>
    </FxCompile>
    <FxCompile Include="Resources\shaders\PrimitiveVS.hlsl">
      <Filter>シェーダー ファイル\Primitive</Filter>
    </FxCompile>
    <FxCompile Include="Resources\shaders\ShapePS.hlsl">
      <Filter>シェーダー ファイル\Shape</Filter>
    </FxCompile>
    <FxCompile Include="Resources\shaders\ShapeVS.hlsl">
      <Filter>シェーダー ファイル\Shape</Filter>
    </FxCompile>
    <FxCompile Include="Resources\shaders\SpritePS.hlsl">
      <Filter>シェーダー ファイル\Sprite</Filter>
    </FxCompile>
    <FxCompile Include="Resources\shaders\SpriteVS.hlsl">
      <Filter>シェーダー ファイル\Sprite</Filter>
    </FxCompile>
    <FxCompile Include="Resources\shaders\TerrainVS.hlsl">
      <Filter>シェーダー ファイル\Terrain</Filter>
    </FxCompile>
    <FxCompile Include="Resources\shaders\TerrainPS.hlsl">
      <Filter>シェーダー ファイル\Terrain</Filter>
    </FxCompile>
  </ItemGroup>
  <ItemGroup>
    <None Include="Resources\shaders\Obj.hlsli">
      <Filter>シェーダー ファイル\Obj</Filter>
    </None>
    <None Include="Resources\shaders\Primitive.hlsli">
      <Filter>シェーダー ファイル\Primitive</Filter>
    </None>
    <None Include="Resources\shaders\Shape.hlsli">
      <Filter>シェーダー ファイル\Shape</Filter>
    </None>
    <None Include="Resources\shaders\Sprite.hlsli">
      <Filter>シェーダー ファイル\Sprite</Filter>
    </None>
    <None Include="Resources\shaders\Terrain.hlsli">
      <Filter>シェーダー ファイル\Terrain</Filter>
    </None>
  </ItemGroup>
</Project>